{
  "version": 4,
  "terraform_version": "1.6.3",
  "serial": 22,
  "lineage": "000cf219-05e8-7642-12ca-6c03793e0780",
  "outputs": {},
  "resources": [
    {
      "mode": "managed",
      "type": "yandex_dataproc_cluster",
      "name": "spark_cluster",
      "provider": "provider[\"registry.terraform.io/yandex-cloud/yandex\"]",
      "instances": [
        {
          "schema_version": 0,
          "attributes": {
            "autoscaling_service_account_id": "",
            "bucket": "otus-fraud-suv",
            "cluster_config": [
              {
                "hadoop": [
                  {
                    "initialization_action": [],
                    "oslogin": false,
                    "properties": null,
                    "services": [
                      "HDFS",
                      "SPARK",
                      "YARN"
                    ],
                    "ssh_public_keys": [
                      "ssh-rsa AAAAB3NzaC1yc2EAAAADAQABAAACAQC4azesYqBacEDh5n9uLv2de4Ye2hMDyZX59h2FWdxmkKXv7VsS9ftab3vDSGa3oMBtnu4/WZTy3fRJyUIr8KvxFnk1j7JQeDir6UDKvpeumDT6f1zr97M5zq+G8dzZbsWWfbf73sH8LAErl91N6tIum3LU3iCCX+DmilH7Yhb8fUucwaOZZ0onv+xYhW8Jlx3kSFrS8EysPSpXainBb5zRb1xmHfG5WZi5tA/seK5H14/AoPNcl9VaLFT73hU1h/LmXgIUfNmIGmp62t3KwulLKdr74W0kRNGnVymOOXnqaeBH5KGIhc3S+Z4c71w3CZCDHHhmcmrqRkjVa1GskAAWSgRfUJgeBHtxBYmm1AGaoyoRY+tkF1OEMaqEZS5fIwWeLAW1IfFdNhUxZC5HpIkMZyMrI4gGu/vry7/J4TPNUA2M2+iFmbOvwZ3O2wgbNNFv6zboRXfRGE223meIwbg8YN9REfNvGeJ/yUBdLiWIoqo5EfKynRpBoYpeJer8mk3534lo8qNJ+vFJxYE2nAIrGzuBp5nz6acIkwLaNPFcKJExEboHcts0aIcnlPkDjBNhI8Pb7FJG0ESrV78YhDxIQ9iEey+oq6XowJKqh/TSWqa9JGn6j7YgkpqUH/+1w+HM7TwBFbF1cMMKmbHjegjZtSfg8ag1uUHr6pp1+5fjAw== suv@suv-laptop"
                    ]
                  }
                ],
                "subcluster_spec": [
                  {
                    "assign_public_ip": false,
                    "autoscaling_config": [],
                    "hosts_count": 1,
                    "id": "c9qqi5c336bd4bvqkvdd",
                    "name": "master",
                    "resources": [
                      {
                        "disk_size": 40,
                        "disk_type_id": "network-hdd",
                        "resource_preset_id": "s3-c2-m8"
                      }
                    ],
                    "role": "MASTERNODE",
                    "subnet_id": "e9bur6ddrp1nar95pp72"
                  },
                  {
                    "assign_public_ip": false,
                    "autoscaling_config": [],
                    "hosts_count": 3,
                    "id": "c9q0h8rvdbcml67unp4k",
                    "name": "data",
                    "resources": [
                      {
                        "disk_size": 128,
                        "disk_type_id": "network-hdd",
                        "resource_preset_id": "s3-c4-m16"
                      }
                    ],
                    "role": "DATANODE",
                    "subnet_id": "e9bviai661cmtj4idhfp"
                  }
                ],
                "version_id": "2.1"
              }
            ],
            "created_at": "2026-07-01T06:10:44Z",
            "deletion_protection": false,
            "description": "Spark cluster for fraud analysis",
            "environment": "PRESTABLE",
            "folder_id": "b1gmjpojq14rijq6gooo",
            "host_group_ids": null,
            "id": "c9qep843ll37k7hki9k4",
            "labels": null,
            "log_group_id": "",
            "name": "spark-cluster",
            "security_group_ids": null,
            "service_account_id": "aje4bgmd28unjsh3nuk5",
            "timeouts": null,
            "ui_proxy": false,
            "zone_id": "ru-central1-a"
          },
          "sensitive_attributes": [],
          "private": "eyJlMmJmYjczMC1lY2FhLTExZTYtOGY4OC0zNDM2M2JjN2M0YzAiOnsiY3JlYXRlIjozNjAwMDAwMDAwMDAwLCJkZWxldGUiOjM2MDAwMDAwMDAwMDAsInVwZGF0ZSI6MzYwMDAwMDAwMDAwMH19",
          "dependencies": [
            "yandex_iam_service_account.spark_sa",
            "yandex_storage_bucket.fraud_bucket",
            "yandex_vpc_gateway.nat_gateway",
            "yandex_vpc_network.network",
            "yandex_vpc_route_table.nat_route_table",
            "yandex_vpc_subnet.subnet",
            "yandex_vpc_subnet.subnet_nat"
          ]
        }
      ]
    },
    {
      "mode": "managed",
      "type": "yandex_iam_service_account",
      "name": "spark_sa",
      "provider": "provider[\"registry.terraform.io/yandex-cloud/yandex\"]",
      "instances": [
        {
          "schema_version": 1,
          "attributes": {
            "created_at": "2026-07-01T05:50:27Z",
            "description": "Service account for Spark Data Proc cluster",
            "folder_id": "b1gmjpojq14rijq6gooo",
            "id": "aje4bgmd28unjsh3nuk5",
            "labels": null,
            "name": "spark-sa",
            "service_account_id": "aje4bgmd28unjsh3nuk5",
            "timeouts": null
          },
          "sensitive_attributes": []
        }
      ]
    },
    {
      "mode": "managed",
      "type": "yandex_resourcemanager_folder_iam_member",
      "name": "dataproc_agent",
      "provider": "provider[\"registry.terraform.io/yandex-cloud/yandex\"]",
      "instances": [
        {
          "schema_version": 0,
          "attributes": {
            "folder_id": "b1gmjpojq14rijq6gooo",
            "id": "b1gmjpojq14rijq6gooo/dataproc.agent/serviceAccount:aje4bgmd28unjsh3nuk5",
            "member": "serviceAccount:aje4bgmd28unjsh3nuk5",
            "role": "dataproc.agent",
            "sleep_after": null
          },
          "sensitive_attributes": [],
          "dependencies": [
            "yandex_iam_service_account.spark_sa"
          ]
        }
      ]
    },
    {
      "mode": "managed",
      "type": "yandex_resourcemanager_folder_iam_member",
      "name": "editor",
      "provider": "provider[\"registry.terraform.io/yandex-cloud/yandex\"]",
      "instances": [
        {
          "schema_version": 0,
          "attributes": {
            "folder_id": "b1gmjpojq14rijq6gooo",
            "id": "b1gmjpojq14rijq6gooo/editor/serviceAccount:aje4bgmd28unjsh3nuk5",
            "member": "serviceAccount:aje4bgmd28unjsh3nuk5",
            "role": "editor",
            "sleep_after": null
          },
          "sensitive_attributes": [],
          "dependencies": [
            "yandex_iam_service_account.spark_sa"
          ]
        }
      ]
    },
    {
      "mode": "managed",
      "type": "yandex_storage_bucket",
      "name": "fraud_bucket",
      "provider": "provider[\"registry.terraform.io/yandex-cloud/yandex\"]",
      "instances": [
        {
          "schema_version": 1,
          "attributes": {
            "access_key": null,
            "acl": "public-read",
            "anonymous_access_flags": [
              {
                "config_read": true,
                "list": true,
                "read": true
              }
            ],
            "bucket": "otus-fraud-suv",
            "bucket_domain_name": "otus-fraud-suv.storage.yandexcloud.net",
            "bucket_prefix": null,
            "cors_rule": [],
            "default_storage_class": "STANDARD",
            "disabled_statickey_auth": false,
            "folder_id": "b1gmjpojq14rijq6gooo",
            "force_destroy": false,
            "grant": [],
            "https": [],
            "id": "otus-fraud-suv",
            "lifecycle_rule": [],
            "logging": [],
            "max_size": 0,
            "object_lock_configuration": [],
            "policy": "",
            "secret_key": null,
            "server_side_encryption_configuration": [],
            "tags": {},
            "versioning": [
              {
                "enabled": false
              }
            ],
            "website": [],
            "website_domain": null,
            "website_endpoint": null
          },
          "sensitive_attributes": [],
          "private": "eyJzY2hlbWFfdmVyc2lvbiI6IjEifQ=="
        }
      ]
    },
    {
      "mode": "managed",
      "type": "yandex_vpc_gateway",
      "name": "nat_gateway",
      "provider": "provider[\"registry.terraform.io/yandex-cloud/yandex\"]",
      "instances": [
        {
          "schema_version": 0,
          "attributes": {
            "created_at": "2026-07-01T06:10:41Z",
            "description": "",
            "folder_id": "b1gmjpojq14rijq6gooo",
            "id": "enpkq1g1pmccvje7025d",
            "labels": {},
            "name": "spark-nat",
            "shared_egress_gateway": [
              {}
            ],
            "timeouts": null
          },
          "sensitive_attributes": [],
          "private": "eyJlMmJmYjczMC1lY2FhLTExZTYtOGY4OC0zNDM2M2JjN2M0YzAiOnsiY3JlYXRlIjo2MDAwMDAwMDAwMCwiZGVsZXRlIjo2MDAwMDAwMDAwMCwidXBkYXRlIjo2MDAwMDAwMDAwMH19"
        }
      ]
    },
    {
      "mode": "managed",
      "type": "yandex_vpc_network",
      "name": "network",
      "provider": "provider[\"registry.terraform.io/yandex-cloud/yandex\"]",
      "instances": [
        {
          "schema_version": 0,
          "attributes": {
            "created_at": "2026-07-01T05:48:40Z",
            "default_security_group_id": "enpvgls3os0kdbt0an5o",
            "description": "",
            "folder_id": "b1gmjpojq14rijq6gooo",
            "id": "enpkp9ec4nj4ev4n9v04",
            "labels": {},
            "name": "spark-network",
            "subnet_ids": [
              "e9bviai661cmtj4idhfp"
            ],
            "timeouts": null
          },
          "sensitive_attributes": [],
          "private": "eyJlMmJmYjczMC1lY2FhLTExZTYtOGY4OC0zNDM2M2JjN2M0YzAiOnsiY3JlYXRlIjo2MDAwMDAwMDAwMCwiZGVsZXRlIjo2MDAwMDAwMDAwMCwidXBkYXRlIjo2MDAwMDAwMDAwMH19"
        }
      ]
    },
    {
      "mode": "managed",
      "type": "yandex_vpc_route_table",
      "name": "nat_route_table",
      "provider": "provider[\"registry.terraform.io/yandex-cloud/yandex\"]",
      "instances": [
        {
          "schema_version": 0,
          "attributes": {
            "created_at": "2026-07-01T06:10:42Z",
            "description": "",
            "folder_id": "b1gmjpojq14rijq6gooo",
            "id": "enp687thc7fub0dlpck4",
            "labels": {},
            "name": "nat-route-table",
            "network_id": "enpkp9ec4nj4ev4n9v04",
            "static_route": [
              {
                "destination_prefix": "0.0.0.0/0",
                "gateway_id": "enpkq1g1pmccvje7025d",
                "next_hop_address": ""
              }
            ],
            "timeouts": null
          },
          "sensitive_attributes": [],
          "private": "eyJlMmJmYjczMC1lY2FhLTExZTYtOGY4OC0zNDM2M2JjN2M0YzAiOnsiY3JlYXRlIjoxODAwMDAwMDAwMDAsImRlbGV0ZSI6MTgwMDAwMDAwMDAwLCJ1cGRhdGUiOjE4MDAwMDAwMDAwMH19",
          "dependencies": [
            "yandex_vpc_gateway.nat_gateway",
            "yandex_vpc_network.network"
          ]
        }
      ]
    },
    {
      "mode": "managed",
      "type": "yandex_vpc_subnet",
      "name": "subnet",
      "provider": "provider[\"registry.terraform.io/yandex-cloud/yandex\"]",
      "instances": [
        {
          "schema_version": 0,
          "attributes": {
            "created_at": "2026-07-01T05:48:42Z",
            "description": "",
            "dhcp_options": [],
            "folder_id": "b1gmjpojq14rijq6gooo",
            "id": "e9bviai661cmtj4idhfp",
            "labels": {},
            "name": "spark-subnet",
            "network_id": "enpkp9ec4nj4ev4n9v04",
            "route_table_id": "",
            "timeouts": null,
            "v4_cidr_blocks": [
              "10.10.0.0/24"
            ],
            "v6_cidr_blocks": [],
            "zone": "ru-central1-a"
          },
          "sensitive_attributes": [],
          "private": "eyJlMmJmYjczMC1lY2FhLTExZTYtOGY4OC0zNDM2M2JjN2M0YzAiOnsiY3JlYXRlIjoxODAwMDAwMDAwMDAsImRlbGV0ZSI6MTgwMDAwMDAwMDAwLCJ1cGRhdGUiOjE4MDAwMDAwMDAwMH19",
          "dependencies": [
            "yandex_vpc_network.network"
          ]
        }
      ]
    },
    {
      "mode": "managed",
      "type": "yandex_vpc_subnet",
      "name": "subnet_nat",
      "provider": "provider[\"registry.terraform.io/yandex-cloud/yandex\"]",
      "instances": [
        {
          "schema_version": 0,
          "attributes": {
            "created_at": "2026-07-01T06:10:43Z",
            "description": "",
            "dhcp_options": [],
            "folder_id": "b1gmjpojq14rijq6gooo",
            "id": "e9bur6ddrp1nar95pp72",
            "labels": {},
            "name": "spark-subnet-nat",
            "network_id": "enpkp9ec4nj4ev4n9v04",
            "route_table_id": "enp687thc7fub0dlpck4",
            "timeouts": null,
            "v4_cidr_blocks": [
              "10.10.1.0/24"
            ],
            "v6_cidr_blocks": [],
            "zone": "ru-central1-a"
          },
          "sensitive_attributes": [],
          "private": "eyJlMmJmYjczMC1lY2FhLTExZTYtOGY4OC0zNDM2M2JjN2M0YzAiOnsiY3JlYXRlIjoxODAwMDAwMDAwMDAsImRlbGV0ZSI6MTgwMDAwMDAwMDAwLCJ1cGRhdGUiOjE4MDAwMDAwMDAwMH19",
          "dependencies": [
            "yandex_vpc_gateway.nat_gateway",
            "yandex_vpc_network.network",
            "yandex_vpc_route_table.nat_route_table"
          ]
        }
      ]
    }
  ],
  "check_results": null
}
