{
  "version": 4,
  "terraform_version": "1.6.3",
  "serial": 17,
  "lineage": "000cf219-05e8-7642-12ca-6c03793e0780",
  "outputs": {},
  "resources": [
    {
      "mode": "managed",
      "type": "yandex_iam_service_account",
      "name": "spark_sa",
      "provider": "provider[\"registry.terraform.io/yandex-cloud/yandex\"]",
      "instances": [
        {
          "schema_version": 1,
          "attributes": {
            "created_at": "2026-07-01T05:50:27Z",
            "description": "Service account for Spark Data Proc cluster",
            "folder_id": "b1gmjpojq14rijq6gooo",
            "id": "aje4bgmd28unjsh3nuk5",
            "labels": null,
            "name": "spark-sa",
            "service_account_id": "aje4bgmd28unjsh3nuk5",
            "timeouts": null
          },
          "sensitive_attributes": []
        }
      ]
    },
    {
      "mode": "managed",
      "type": "yandex_resourcemanager_folder_iam_member",
      "name": "dataproc_agent",
      "provider": "provider[\"registry.terraform.io/yandex-cloud/yandex\"]",
      "instances": [
        {
          "schema_version": 0,
          "attributes": {
            "folder_id": "b1gmjpojq14rijq6gooo",
            "id": "b1gmjpojq14rijq6gooo/dataproc.agent/serviceAccount:aje4bgmd28unjsh3nuk5",
            "member": "serviceAccount:aje4bgmd28unjsh3nuk5",
            "role": "dataproc.agent",
            "sleep_after": null
          },
          "sensitive_attributes": [],
          "dependencies": [
            "yandex_iam_service_account.spark_sa"
          ]
        }
      ]
    },
    {
      "mode": "managed",
      "type": "yandex_resourcemanager_folder_iam_member",
      "name": "editor",
      "provider": "provider[\"registry.terraform.io/yandex-cloud/yandex\"]",
      "instances": [
        {
          "schema_version": 0,
          "attributes": {
            "folder_id": "b1gmjpojq14rijq6gooo",
            "id": "b1gmjpojq14rijq6gooo/editor/serviceAccount:aje4bgmd28unjsh3nuk5",
            "member": "serviceAccount:aje4bgmd28unjsh3nuk5",
            "role": "editor",
            "sleep_after": null
          },
          "sensitive_attributes": [],
          "dependencies": [
            "yandex_iam_service_account.spark_sa"
          ]
        }
      ]
    },
    {
      "mode": "managed",
      "type": "yandex_storage_bucket",
      "name": "fraud_bucket",
      "provider": "provider[\"registry.terraform.io/yandex-cloud/yandex\"]",
      "instances": [
        {
          "schema_version": 1,
          "attributes": {
            "access_key": null,
            "acl": "public-read",
            "anonymous_access_flags": [
              {
                "config_read": true,
                "list": true,
                "read": true
              }
            ],
            "bucket": "otus-fraud-suv",
            "bucket_domain_name": "otus-fraud-suv.storage.yandexcloud.net",
            "bucket_prefix": null,
            "cors_rule": [],
            "default_storage_class": "STANDARD",
            "disabled_statickey_auth": false,
            "folder_id": "b1gmjpojq14rijq6gooo",
            "force_destroy": false,
            "grant": [],
            "https": [],
            "id": "otus-fraud-suv",
            "lifecycle_rule": [],
            "logging": [],
            "max_size": 0,
            "object_lock_configuration": [],
            "policy": "",
            "secret_key": null,
            "server_side_encryption_configuration": [],
            "tags": {},
            "versioning": [
              {
                "enabled": false
              }
            ],
            "website": [],
            "website_domain": null,
            "website_endpoint": null
          },
          "sensitive_attributes": [],
          "private": "eyJzY2hlbWFfdmVyc2lvbiI6IjEifQ=="
        }
      ]
    },
    {
      "mode": "managed",
      "type": "yandex_vpc_network",
      "name": "network",
      "provider": "provider[\"registry.terraform.io/yandex-cloud/yandex\"]",
      "instances": [
        {
          "schema_version": 0,
          "attributes": {
            "created_at": "2026-07-01T05:48:40Z",
            "default_security_group_id": "enpvgls3os0kdbt0an5o",
            "description": "",
            "folder_id": "b1gmjpojq14rijq6gooo",
            "id": "enpkp9ec4nj4ev4n9v04",
            "labels": {},
            "name": "spark-network",
            "subnet_ids": [
              "e9bviai661cmtj4idhfp"
            ],
            "timeouts": null
          },
          "sensitive_attributes": [],
          "private": "eyJlMmJmYjczMC1lY2FhLTExZTYtOGY4OC0zNDM2M2JjN2M0YzAiOnsiY3JlYXRlIjo2MDAwMDAwMDAwMCwiZGVsZXRlIjo2MDAwMDAwMDAwMCwidXBkYXRlIjo2MDAwMDAwMDAwMH19"
        }
      ]
    },
    {
      "mode": "managed",
      "type": "yandex_vpc_subnet",
      "name": "subnet",
      "provider": "provider[\"registry.terraform.io/yandex-cloud/yandex\"]",
      "instances": [
        {
          "schema_version": 0,
          "attributes": {
            "created_at": "2026-07-01T05:48:42Z",
            "description": "",
            "dhcp_options": [],
            "folder_id": "b1gmjpojq14rijq6gooo",
            "id": "e9bviai661cmtj4idhfp",
            "labels": {},
            "name": "spark-subnet",
            "network_id": "enpkp9ec4nj4ev4n9v04",
            "route_table_id": "",
            "timeouts": null,
            "v4_cidr_blocks": [
              "10.10.0.0/24"
            ],
            "v6_cidr_blocks": [],
            "zone": "ru-central1-a"
          },
          "sensitive_attributes": [],
          "private": "eyJlMmJmYjczMC1lY2FhLTExZTYtOGY4OC0zNDM2M2JjN2M0YzAiOnsiY3JlYXRlIjoxODAwMDAwMDAwMDAsImRlbGV0ZSI6MTgwMDAwMDAwMDAwLCJ1cGRhdGUiOjE4MDAwMDAwMDAwMH19",
          "dependencies": [
            "yandex_vpc_network.network"
          ]
        }
      ]
    }
  ],
  "check_results": null
}
